
Microsoft Visual Studio Solution File, Format Version 12.00
# Visual Studio Version 17
VisualStudioVersion = 17.0.31919.166
MinimumVisualStudioVersion = 10.0.40219.1
Project("{FAE04EC0-301F-11D3-BF4B-00C04F79EFBC}") = "KolkoKrzyzyk", "KolkoKrzyzyk\KolkoKrzyzyk.csproj", "{4C3CA0FB-571D-40CF-93A9-BCB3661350AC}"
EndProject
Global
	GlobalSection(SolutionConfigurationPlatforms) = preSolution
		Debug|Any CPU = Debug|Any CPU
		Release|Any CPU = Release|Any CPU
	EndGlobalSection
	GlobalSection(ProjectConfigurationPlatforms) = postSolution
		{4C3CA0FB-571D-40CF-93A9-BCB3661350AC}.Debug|Any CPU.ActiveCfg = Debug|Any CPU
		{4C3CA0FB-571D-40CF-93A9-BCB3661350AC}.Debug|Any CPU.Build.0 = Debug|Any CPU
		{4C3CA0FB-571D-40CF-93A9-BCB3661350AC}.Release|Any CPU.ActiveCfg = Release|Any CPU
		{4C3CA0FB-571D-40CF-93A9-BCB3661350AC}.Release|Any CPU.Build.0 = Release|Any CPU
	EndGlobalSection
	GlobalSection(SolutionProperties) = preSolution
		HideSolutionNode = FALSE
	EndGlobalSection
	GlobalSection(ExtensibilityGlobals) = postSolution
		SolutionGuid = {F9324F03-6B62-4566-A710-992C13CF324F}
	EndGlobalSection
EndGlobal
